// !$*UTF8*$!
{
	archiveVersion = 1;
	classes = {
	};
	objectVersion = 46;
	objects = {

/* Begin PBXBuildFile section */
		1145EDD31E2FCD1C00E7EC25 /* AppDelegate.swift in Sources */ = {isa = PBXBuildFile; fileRef = 1145EDD21E2FCD1C00E7EC25 /* AppDelegate.swift */; };
		1145EDD51E2FCD1C00E7EC25 /* MainVC.swift in Sources */ = {isa = PBXBuildFile; fileRef = 1145EDD41E2FCD1C00E7EC25 /* MainVC.swift */; };
		1145EDD81E2FCD1C00E7EC25 /* Main.storyboard in Resources */ = {isa = PBXBuildFile; fileRef = 1145EDD61E2FCD1C00E7EC25 /* Main.storyboard */; };
		1145EDDB1E2FCD1C00E7EC25 /* ToDoList.xcdatamodeld in Sources */ = {isa = PBXBuildFile; fileRef = 1145EDD91E2FCD1C00E7EC25 /* ToDoList.xcdatamodeld */; };
		1145EDDD1E2FCD1C00E7EC25 /* Assets.xcassets in Resources */ = {isa = PBXBuildFile; fileRef = 1145EDDC1E2FCD1C00E7EC25 /* Assets.xcassets */; };
		1145EDE01E2FCD1C00E7EC25 /* LaunchScreen.storyboard in Resources */ = {isa = PBXBuildFile; fileRef = 1145EDDE1E2FCD1C00E7EC25 /* LaunchScreen.storyboard */; };
		1145EDEB1E2FE0E500E7EC25 /* CustomTextField.swift in Sources */ = {isa = PBXBuildFile; fileRef = 1145EDEA1E2FE0E500E7EC25 /* CustomTextField.swift */; };
		1145EDED1E2FE29D00E7EC25 /* ItemCell.swift in Sources */ = {isa = PBXBuildFile; fileRef = 1145EDEC1E2FE29D00E7EC25 /* ItemCell.swift */; };
		11D964E61E30A0080054DA43 /* ToDo+CoreDataClass.swift in Sources */ = {isa = PBXBuildFile; fileRef = 11D964E41E30A0080054DA43 /* ToDo+CoreDataClass.swift */; };
		11D964E71E30A0080054DA43 /* ToDo+CoreDataProperties.swift in Sources */ = {isa = PBXBuildFile; fileRef = 11D964E51E30A0080054DA43 /* ToDo+CoreDataProperties.swift */; };
		11D964E91E30DD7A0054DA43 /* ItemDetailsVC.swift in Sources */ = {isa = PBXBuildFile; fileRef = 11D964E81E30DD7A0054DA43 /* ItemDetailsVC.swift */; };
/* End PBXBuildFile section */

/* Begin PBXFileReference section */
		1145EDCF1E2FCD1B00E7EC25 /* ToDoList.app */ = {isa = PBXFileReference; explicitFileType = wrapper.application; includeInIndex = 0; path = ToDoList.app; sourceTree = BUILT_PRODUCTS_DIR; };
		1145EDD21E2FCD1C00E7EC25 /* AppDelegate.swift */ = {isa = PBXFileReference; lastKnownFileType = sourcecode.swift; path = AppDelegate.swift; sourceTree = "<group>"; };
		1145EDD41E2FCD1C00E7EC25 /* MainVC.swift */ = {isa = PBXFileReference; lastKnownFileType = sourcecode.swift; path = MainVC.swift; sourceTree = "<group>"; };
		1145EDD71E2FCD1C00E7EC25 /* Base */ = {isa = PBXFileReference; lastKnownFileType = file.storyboard; name = Base; path = Base.lproj/Main.storyboard; sourceTree = "<group>"; };
		1145EDDA1E2FCD1C00E7EC25 /* ToDoList.xcdatamodel */ = {isa = PBXFileReference; lastKnownFileType = wrapper.xcdatamodel; path = ToDoList.xcdatamodel; sourceTree = "<group>"; };
		1145EDDC1E2FCD1C00E7EC25 /* Assets.xcassets */ = {isa = PBXFileReference; lastKnownFileType = folder.assetcatalog; path = Assets.xcassets; sourceTree = "<group>"; };
		1145EDDF1E2FCD1C00E7EC25 /* Base */ = {isa = PBXFileReference; lastKnownFileType = file.storyboard; name = Base; path = Base.lproj/LaunchScreen.storyboard; sourceTree = "<group>"; };
		1145EDE11E2FCD1C00E7EC25 /* Info.plist */ = {isa = PBXFileReference; lastKnownFileType = text.plist.xml; path = Info.plist; sourceTree = "<group>"; };
		1145EDEA1E2FE0E500E7EC25 /* CustomTextField.swift */ = {isa = PBXFileReference; fileEncoding = 4; lastKnownFileType = sourcecode.swift; path = CustomTextField.swift; sourceTree = "<group>"; };
		1145EDEC1E2FE29D00E7EC25 /* ItemCell.swift */ = {isa = PBXFileReference; fileEncoding = 4; lastKnownFileType = sourcecode.swift; path = ItemCell.swift; sourceTree = "<group>"; };
		11D964E41E30A0080054DA43 /* ToDo+CoreDataClass.swift */ = {isa = PBXFileReference; fileEncoding = 4; lastKnownFileType = sourcecode.swift; path = "ToDo+CoreDataClass.swift"; sourceTree = "<group>"; };
		11D964E51E30A0080054DA43 /* ToDo+CoreDataProperties.swift */ = {isa = PBXFileReference; fileEncoding = 4; lastKnownFileType = sourcecode.swift; path = "ToDo+CoreDataProperties.swift"; sourceTree = "<group>"; };
		11D964E81E30DD7A0054DA43 /* ItemDetailsVC.swift */ = {isa = PBXFileReference; fileEncoding = 4; lastKnownFileType = sourcecode.swift; path = ItemDetailsVC.swift; sourceTree = "<group>"; };
/* End PBXFileReference section */

/* Begin PBXFrameworksBuildPhase section */
		1145EDCC1E2FCD1B00E7EC25 /* Frameworks */ = {
			isa = PBXFrameworksBuildPhase;
			buildActionMask = 2147483647;
			files = (
			);
			runOnlyForDeploymentPostprocessing = 0;
		};
/* End PBXFrameworksBuildPhase section */

/* Begin PBXGroup section */
		1145EDC61E2FCD1B00E7EC25 = {
			isa = PBXGroup;
			children = (
				1145EDD11E2FCD1B00E7EC25 /* ToDoList */,
				1145EDD01E2FCD1B00E7EC25 /* Products */,
			);
			sourceTree = "<group>";
		};
		1145EDD01E2FCD1B00E7EC25 /* Products */ = {
			isa = PBXGroup;
			children = (
				1145EDCF1E2FCD1B00E7EC25 /* ToDoList.app */,
			);
			name = Products;
			sourceTree = "<group>";
		};
		1145EDD11E2FCD1B00E7EC25 /* ToDoList */ = {
			isa = PBXGroup;
			children = (
				1145EDE91E2FDFD700E7EC25 /* Model */,
				1145EDE81E2FDFCE00E7EC25 /* View */,
				1145EDE71E2FDF7C00E7EC25 /* Controller */,
				1145EDD21E2FCD1C00E7EC25 /* AppDelegate.swift */,
				1145EDD61E2FCD1C00E7EC25 /* Main.storyboard */,
				1145EDDC1E2FCD1C00E7EC25 /* Assets.xcassets */,
				1145EDDE1E2FCD1C00E7EC25 /* LaunchScreen.storyboard */,
				1145EDE11E2FCD1C00E7EC25 /* Info.plist */,
				1145EDD91E2FCD1C00E7EC25 /* ToDoList.xcdatamodeld */,
			);
			path = ToDoList;
			sourceTree = "<group>";
		};
		1145EDE71E2FDF7C00E7EC25 /* Controller */ = {
			isa = PBXGroup;
			children = (
				1145EDD41E2FCD1C00E7EC25 /* MainVC.swift */,
				11D964E81E30DD7A0054DA43 /* ItemDetailsVC.swift */,
			);
			name = Controller;
			sourceTree = "<group>";
		};
		1145EDE81E2FDFCE00E7EC25 /* View */ = {
			isa = PBXGroup;
			children = (
				1145EDEA1E2FE0E500E7EC25 /* CustomTextField.swift */,
				1145EDEC1E2FE29D00E7EC25 /* ItemCell.swift */,
			);
			name = View;
			sourceTree = "<group>";
		};
		1145EDE91E2FDFD700E7EC25 /* Model */ = {
			isa = PBXGroup;
			children = (
				11D964E41E30A0080054DA43 /* ToDo+CoreDataClass.swift */,
				1145EDF21E2FE79600E7EC25 /* Generated */,
			);
			name = Model;
			sourceTree = "<group>";
		};
		1145EDF21E2FE79600E7EC25 /* Generated */ = {
			isa = PBXGroup;
			children = (
				11D964E51E30A0080054DA43 /* ToDo+CoreDataProperties.swift */,
			);
			name = Generated;
			sourceTree = "<group>";
		};
/* End PBXGroup section */

/* Begin PBXNativeTarget section */
		1145EDCE1E2FCD1B00E7EC25 /* ToDoList */ = {
			isa = PBXNativeTarget;
			buildConfigurationList = 1145EDE41E2FCD1C00E7EC25 /* Build configuration list for PBXNativeTarget "ToDoList" */;
			buildPhases = (
				1145EDCB1E2FCD1B00E7EC25 /* Sources */,
				1145EDCC1E2FCD1B00E7EC25 /* Frameworks */,
				1145EDCD1E2FCD1B00E7EC25 /* Resources */,
			);
			buildRules = (
			);
			dependencies = (
			);
			name = ToDoList;
			productName = ToDoList;
			productReference = 1145EDCF1E2FCD1B00E7EC25 /* ToDoList.app */;
			productType = "com.apple.product-type.application";
		};
/* End PBXNativeTarget section */

/* Begin PBXProject section */
		1145EDC71E2FCD1B00E7EC25 /* Project object */ = {
			isa = PBXProject;
			attributes = {
				LastSwiftUpdateCheck = 0820;
				LastUpgradeCheck = 0820;
				ORGANIZATIONNAME = "Xeoscript Technologies";
				TargetAttributes = {
					1145EDCE1E2FCD1B00E7EC25 = {
						CreatedOnToolsVersion = 8.2.1;
						ProvisioningStyle = Automatic;
					};
				};
			};
			buildConfigurationList = 1145EDCA1E2FCD1B00E7EC25 /* Build configuration list for PBXProject "ToDoList" */;
			compatibilityVersion = "Xcode 3.2";
			developmentRegion = English;
			hasScannedForEncodings = 0;
			knownRegions = (
				en,
				Base,
			);
			mainGroup = 1145EDC61E2FCD1B00E7EC25;
			productRefGroup = 1145EDD01E2FCD1B00E7EC25 /* Products */;
			projectDirPath = "";
			projectRoot = "";
			targets = (
				1145EDCE1E2FCD1B00E7EC25 /* ToDoList */,
			);
		};
/* End PBXProject section */

/* Begin PBXResourcesBuildPhase section */
		1145EDCD1E2FCD1B00E7EC25 /* Resources */ = {
			isa = PBXResourcesBuildPhase;
			buildActionMask = 2147483647;
			files = (
				1145EDE01E2FCD1C00E7EC25 /* LaunchScreen.storyboard in Resources */,
				1145EDDD1E2FCD1C00E7EC25 /* Assets.xcassets in Resources */,
				1145EDD81E2FCD1C00E7EC25 /* Main.storyboard in Resources */,
			);
			runOnlyForDeploymentPostprocessing = 0;
		};
/* End PBXResourcesBuildPhase section */

/* Begin PBXSourcesBuildPhase section */
		1145EDCB1E2FCD1B00E7EC25 /* Sources */ = {
			isa = PBXSourcesBuildPhase;
			buildActionMask = 2147483647;
			files = (
				1145EDEB1E2FE0E500E7EC25 /* CustomTextField.swift in Sources */,
				1145EDD51E2FCD1C00E7EC25 /* MainVC.swift in Sources */,
				1145EDDB1E2FCD1C00E7EC25 /* ToDoList.xcdatamodeld in Sources */,
				11D964E71E30A0080054DA43 /* ToDo+CoreDataProperties.swift in Sources */,
				11D964E91E30DD7A0054DA43 /* ItemDetailsVC.swift in Sources */,
				1145EDD31E2FCD1C00E7EC25 /* AppDelegate.swift in Sources */,
				1145EDED1E2FE29D00E7EC25 /* ItemCell.swift in Sources */,
				11D964E61E30A0080054DA43 /* ToDo+CoreDataClass.swift in Sources */,
			);
			runOnlyForDeploymentPostprocessing = 0;
		};
/* End PBXSourcesBuildPhase section */

/* Begin PBXVariantGroup section */
		1145EDD61E2FCD1C00E7EC25 /* Main.storyboard */ = {
			isa = PBXVariantGroup;
			children = (
				1145EDD71E2FCD1C00E7EC25 /* Base */,
			);
			name = Main.storyboard;
			sourceTree = "<group>";
		};
		1145EDDE1E2FCD1C00E7EC25 /* LaunchScreen.storyboard */ = {
			isa = PBXVariantGroup;
			children = (
				1145EDDF1E2FCD1C00E7EC25 /* Base */,
			);
			name = LaunchScreen.storyboard;
			sourceTree = "<group>";
		};
/* End PBXVariantGroup section */

/* Begin XCBuildConfiguration section */
		1145EDE21E2FCD1C00E7EC25 /* Debug */ = {
			isa = XCBuildConfiguration;
			buildSettings = {
				ALWAYS_SEARCH_USER_PATHS = NO;
				CLANG_ANALYZER_NONNULL = YES;
				CLANG_CXX_LANGUAGE_STANDARD = "gnu++0x";
				CLANG_CXX_LIBRARY = "libc++";
				CLANG_ENABLE_MODULES = YES;
				CLANG_ENABLE_OBJC_ARC = YES;
				CLANG_WARN_BOOL_CONVERSION = YES;
				CLANG_WARN_CONSTANT_CONVERSION = YES;
				CLANG_WARN_DIRECT_OBJC_ISA_USAGE = YES_ERROR;
				CLANG_WARN_DOCUMENTATION_COMMENTS = YES;
				CLANG_WARN_EMPTY_BODY = YES;
				CLANG_WARN_ENUM_CONVERSION = YES;
				CLANG_WARN_INFINITE_RECURSION = YES;
				CLANG_WARN_INT_CONVERSION = YES;
				CLANG_WARN_OBJC_ROOT_CLASS = YES_ERROR;
				CLANG_WARN_SUSPICIOUS_MOVE = YES;
				CLANG_WARN_UNREACHABLE_CODE = YES;
				CLANG_WARN__DUPLICATE_METHOD_MATCH = YES;
				"CODE_SIGN_IDENTITY[sdk=iphoneos*]" = "iPhone Developer";
				COPY_PHASE_STRIP = NO;
				DEBUG_INFORMATION_FORMAT = dwarf;
				ENABLE_STRICT_OBJC_MSGSEND = YES;
				ENABLE_TESTABILITY = YES;
				GCC_C_LANGUAGE_STANDARD = gnu99;
				GCC_DYNAMIC_NO_PIC = NO;
				GCC_NO_COMMON_BLOCKS = YES;
				GCC_OPTIMIZATION_LEVEL = 0;
				GCC_PREPROCESSOR_DEFINITIONS = (
					"DEBUG=1",
					"$(inherited)",
				);
				GCC_WARN_64_TO_32_BIT_CONVERSION = YES;
				GCC_WARN_ABOUT_RETURN_TYPE = YES_ERROR;
				GCC_WARN_UNDECLARED_SELECTOR = YES;
				GCC_WARN_UNINITIALIZED_AUTOS = YES_AGGRESSIVE;
				GCC_WARN_UNUSED_FUNCTION = YES;
				GCC_WARN_UNUSED_VARIABLE = YES;
				IPHONEOS_DEPLOYMENT_TARGET = 10.2;
				MTL_ENABLE_DEBUG_INFO = YES;
				ONLY_ACTIVE_ARCH = YES;
				SDKROOT = iphoneos;
				SWIFT_ACTIVE_COMPILATION_CONDITIONS = DEBUG;
				SWIFT_OPTIMIZATION_LEVEL = "-Onone";
				TARGETED_DEVICE_FAMILY = "1,2";
			};
			name = Debug;
		};
		1145EDE31E2FCD1C00E7EC25 /* Release */ = {
			isa = XCBuildConfiguration;
			buildSettings = {
				ALWAYS_SEARCH_USER_PATHS = NO;
				CLANG_ANALYZER_NONNULL = YES;
				CLANG_CXX_LANGUAGE_STANDARD = "gnu++0x";
				CLANG_CXX_LIBRARY = "libc++";
				CLANG_ENABLE_MODULES = YES;
				CLANG_ENABLE_OBJC_ARC = YES;
				CLANG_WARN_BOOL_CONVERSION = YES;
				CLANG_WARN_CONSTANT_CONVERSION = YES;
				CLANG_WARN_DIRECT_OBJC_ISA_USAGE = YES_ERROR;
				CLANG_WARN_DOCUMENTATION_COMMENTS = YES;
				CLANG_WARN_EMPTY_BODY = YES;
				CLANG_WARN_ENUM_CONVERSION = YES;
				CLANG_WARN_INFINITE_RECURSION = YES;
				CLANG_WARN_INT_CONVERSION = YES;
				CLANG_WARN_OBJC_ROOT_CLASS = YES_ERROR;
				CLANG_WARN_SUSPICIOUS_MOVE = YES;
				CLANG_WARN_UNREACHABLE_CODE = YES;
				CLANG_WARN__DUPLICATE_METHOD_MATCH = YES;
				"CODE_SIGN_IDENTITY[sdk=iphoneos*]" = "iPhone Developer";
				COPY_PHASE_STRIP = NO;
				DEBUG_INFORMATION_FORMAT = "dwarf-with-dsym";
				ENABLE_NS_ASSERTIONS = NO;
				ENABLE_STRICT_OBJC_MSGSEND = YES;
				GCC_C_LANGUAGE_STANDARD = gnu99;
				GCC_NO_COMMON_BLOCKS = YES;
				GCC_WARN_64_TO_32_BIT_CONVERSION = YES;
				GCC_WARN_ABOUT_RETURN_TYPE = YES_ERROR;
				GCC_WARN_UNDECLARED_SELECTOR = YES;
				GCC_WARN_UNINITIALIZED_AUTOS = YES_AGGRESSIVE;
				GCC_WARN_UNUSED_FUNCTION = YES;
				GCC_WARN_UNUSED_VARIABLE = YES;
				IPHONEOS_DEPLOYMENT_TARGET = 10.2;
				MTL_ENABLE_DEBUG_INFO = NO;
				SDKROOT = iphoneos;
				SWIFT_OPTIMIZATION_LEVEL = "-Owholemodule";
				TARGETED_DEVICE_FAMILY = "1,2";
				VALIDATE_PRODUCT = YES;
			};
			name = Release;
		};
		1145EDE51E2FCD1C00E7EC25 /* Debug */ = {
			isa = XCBuildConfiguration;
			buildSettings = {
				ASSETCATALOG_COMPILER_APPICON_NAME = AppIcon;
				INFOPLIST_FILE = ToDoList/Info.plist;
				LD_RUNPATH_SEARCH_PATHS = "$(inherited) @executable_path/Frameworks";
				PRODUCT_BUNDLE_IDENTIFIER = com.xeoscript.ToDoList;
				PRODUCT_NAME = "$(TARGET_NAME)";
				SWIFT_VERSION = 3.0;
			};
			name = Debug;
		};
		1145EDE61E2FCD1C00E7EC25 /* Release */ = {
			isa = XCBuildConfiguration;
			buildSettings = {
				ASSETCATALOG_COMPILER_APPICON_NAME = AppIcon;
				INFOPLIST_FILE = ToDoList/Info.plist;
				LD_RUNPATH_SEARCH_PATHS = "$(inherited) @executable_path/Frameworks";
				PRODUCT_BUNDLE_IDENTIFIER = com.xeoscript.ToDoList;
				PRODUCT_NAME = "$(TARGET_NAME)";
				SWIFT_VERSION = 3.0;
			};
			name = Release;
		};
/* End XCBuildConfiguration section */

/* Begin XCConfigurationList section */
		1145EDCA1E2FCD1B00E7EC25 /* Build configuration list for PBXProject "ToDoList" */ = {
			isa = XCConfigurationList;
			buildConfigurations = (
				1145EDE21E2FCD1C00E7EC25 /* Debug */,
				1145EDE31E2FCD1C00E7EC25 /* Release */,
			);
			defaultConfigurationIsVisible = 0;
			defaultConfigurationName = Release;
		};
		1145EDE41E2FCD1C00E7EC25 /* Build configuration list for PBXNativeTarget "ToDoList" */ = {
			isa = XCConfigurationList;
			buildConfigurations = (
				1145EDE51E2FCD1C00E7EC25 /* Debug */,
				1145EDE61E2FCD1C00E7EC25 /* Release */,
			);
			defaultConfigurationIsVisible = 0;
			defaultConfigurationName = Release;
		};
/* End XCConfigurationList section */

/* Begin XCVersionGroup section */
		1145EDD91E2FCD1C00E7EC25 /* ToDoList.xcdatamodeld */ = {
			isa = XCVersionGroup;
			children = (
				1145EDDA1E2FCD1C00E7EC25 /* ToDoList.xcdatamodel */,
			);
			currentVersion = 1145EDDA1E2FCD1C00E7EC25 /* ToDoList.xcdatamodel */;
			path = ToDoList.xcdatamodeld;
			sourceTree = "<group>";
			versionGroupType = wrapper.xcdatamodel;
		};
/* End XCVersionGroup section */
	};
	rootObject = 1145EDC71E2FCD1B00E7EC25 /* Project object */;
}
